// !$*UTF8*$!
{
	archiveVersion = 1;
	classes = {
	};
	objectVersion = 46;
	objects = {

/* Begin PBXBuildFile section */
		DFD5798F1B9A86CC00E65640 /* main.c in Sources */ = {isa = PBXBuildFile; fileRef = DFD5798E1B9A86CC00E65640 /* main.c */; };
		DFD579971B9A893400E65640 /* LinearList_SequenceStorage.c in Sources */ = {isa = PBXBuildFile; fileRef = DFD579951B9A893400E65640 /* LinearList_SequenceStorage.c */; };
/* End PBXBuildFile section */

/* Begin PBXCopyFilesBuildPhase section */
		DFD579891B9A86CC00E65640 /* CopyFiles */ = {
			isa = PBXCopyFilesBuildPhase;
			buildActionMask = 2147483647;
			dstPath = /usr/share/man/man1/;
			dstSubfolderSpec = 0;
			files = (
			);
			runOnlyForDeploymentPostprocessing = 1;
		};
/* End PBXCopyFilesBuildPhase section */

/* Begin PBXFileReference section */
		DF018F6A1B9AB52400858E0A /* PublicDeclarations.h */ = {isa = PBXFileReference; lastKnownFileType = sourcecode.c.h; path = PublicDeclarations.h; sourceTree = "<group>"; };
		DF8A21E21B9AD8D000693B14 /* LinearListPrc.h */ = {isa = PBXFileReference; lastKnownFileType = sourcecode.c.h; path = LinearListPrc.h; sourceTree = "<group>"; };
		DFD5798B1B9A86CC00E65640 /* DataStructures@YWM */ = {isa = PBXFileReference; explicitFileType = "compiled.mach-o.executable"; includeInIndex = 0; path = "DataStructures@YWM"; sourceTree = BUILT_PRODUCTS_DIR; };
		DFD5798E1B9A86CC00E65640 /* main.c */ = {isa = PBXFileReference; lastKnownFileType = sourcecode.c.c; path = main.c; sourceTree = "<group>"; };
		DFD579951B9A893400E65640 /* LinearList_SequenceStorage.c */ = {isa = PBXFileReference; fileEncoding = 4; lastKnownFileType = sourcecode.c.c; path = LinearList_SequenceStorage.c; sourceTree = "<group>"; };
		DFD579961B9A893400E65640 /* LinearList_SequenceStorage.h */ = {isa = PBXFileReference; fileEncoding = 4; lastKnownFileType = sourcecode.c.h; path = LinearList_SequenceStorage.h; sourceTree = "<group>"; };
/* End PBXFileReference section */

/* Begin PBXFrameworksBuildPhase section */
		DFD579881B9A86CC00E65640 /* Frameworks */ = {
			isa = PBXFrameworksBuildPhase;
			buildActionMask = 2147483647;
			files = (
			);
			runOnlyForDeploymentPostprocessing = 0;
		};
/* End PBXFrameworksBuildPhase section */

/* Begin PBXGroup section */
		DF8A21E31B9AD8DB00693B14 /* LinearList */ = {
			isa = PBXGroup;
			children = (
				DFD579961B9A893400E65640 /* LinearList_SequenceStorage.h */,
				DFD579951B9A893400E65640 /* LinearList_SequenceStorage.c */,
				DF8A21E21B9AD8D000693B14 /* LinearListPrc.h */,
			);
			name = LinearList;
			sourceTree = "<group>";
		};
		DFD579821B9A86CC00E65640 = {
			isa = PBXGroup;
			children = (
				DFD5798D1B9A86CC00E65640 /* DataStructures@YWM */,
				DFD5798C1B9A86CC00E65640 /* Products */,
			);
			sourceTree = "<group>";
		};
		DFD5798C1B9A86CC00E65640 /* Products */ = {
			isa = PBXGroup;
			children = (
				DFD5798B1B9A86CC00E65640 /* DataStructures@YWM */,
			);
			name = Products;
			sourceTree = "<group>";
		};
		DFD5798D1B9A86CC00E65640 /* DataStructures@YWM */ = {
			isa = PBXGroup;
			children = (
				DFD5798E1B9A86CC00E65640 /* main.c */,
				DF8A21E31B9AD8DB00693B14 /* LinearList */,
				DF018F6A1B9AB52400858E0A /* PublicDeclarations.h */,
			);
			path = "DataStructures@YWM";
			sourceTree = "<group>";
		};
/* End PBXGroup section */

/* Begin PBXNativeTarget section */
		DFD5798A1B9A86CC00E65640 /* DataStructures@YWM */ = {
			isa = PBXNativeTarget;
			buildConfigurationList = DFD579921B9A86CC00E65640 /* Build configuration list for PBXNativeTarget "DataStructures@YWM" */;
			buildPhases = (
				DFD579871B9A86CC00E65640 /* Sources */,
				DFD579881B9A86CC00E65640 /* Frameworks */,
				DFD579891B9A86CC00E65640 /* CopyFiles */,
			);
			buildRules = (
			);
			dependencies = (
			);
			name = "DataStructures@YWM";
			productName = "DataStructures@YWM";
			productReference = DFD5798B1B9A86CC00E65640 /* DataStructures@YWM */;
			productType = "com.apple.product-type.tool";
		};
/* End PBXNativeTarget section */

/* Begin PBXProject section */
		DFD579831B9A86CC00E65640 /* Project object */ = {
			isa = PBXProject;
			attributes = {
				LastUpgradeCheck = 0640;
				ORGANIZATIONNAME = "孙培峰";
				TargetAttributes = {
					DFD5798A1B9A86CC00E65640 = {
						CreatedOnToolsVersion = 6.4;
					};
				};
			};
			buildConfigurationList = DFD579861B9A86CC00E65640 /* Build configuration list for PBXProject "DataStructures@YWM" */;
			compatibilityVersion = "Xcode 3.2";
			developmentRegion = English;
			hasScannedForEncodings = 0;
			knownRegions = (
				en,
			);
			mainGroup = DFD579821B9A86CC00E65640;
			productRefGroup = DFD5798C1B9A86CC00E65640 /* Products */;
			projectDirPath = "";
			projectRoot = "";
			targets = (
				DFD5798A1B9A86CC00E65640 /* DataStructures@YWM */,
			);
		};
/* End PBXProject section */

/* Begin PBXSourcesBuildPhase section */
		DFD579871B9A86CC00E65640 /* Sources */ = {
			isa = PBXSourcesBuildPhase;
			buildActionMask = 2147483647;
			files = (
				DFD5798F1B9A86CC00E65640 /* main.c in Sources */,
				DFD579971B9A893400E65640 /* LinearList_SequenceStorage.c in Sources */,
			);
			runOnlyForDeploymentPostprocessing = 0;
		};
/* End PBXSourcesBuildPhase section */

/* Begin XCBuildConfiguration section */
		DFD579901B9A86CC00E65640 /* Debug */ = {
			isa = XCBuildConfiguration;
			buildSettings = {
				ALWAYS_SEARCH_USER_PATHS = NO;
				CLANG_CXX_LANGUAGE_STANDARD = "gnu++0x";
				CLANG_CXX_LIBRARY = "libc++";
				CLANG_ENABLE_MODULES = YES;
				CLANG_ENABLE_OBJC_ARC = YES;
				CLANG_WARN_BOOL_CONVERSION = YES;
				CLANG_WARN_CONSTANT_CONVERSION = YES;
				CLANG_WARN_DIRECT_OBJC_ISA_USAGE = YES_ERROR;
				CLANG_WARN_EMPTY_BODY = YES;
				CLANG_WARN_ENUM_CONVERSION = YES;
				CLANG_WARN_INT_CONVERSION = YES;
				CLANG_WARN_OBJC_ROOT_CLASS = YES_ERROR;
				CLANG_WARN_UNREACHABLE_CODE = YES;
				CLANG_WARN__DUPLICATE_METHOD_MATCH = YES;
				COPY_PHASE_STRIP = NO;
				DEBUG_INFORMATION_FORMAT = dwarf;
				ENABLE_STRICT_OBJC_MSGSEND = YES;
				GCC_C_LANGUAGE_STANDARD = gnu99;
				GCC_DYNAMIC_NO_PIC = NO;
				GCC_NO_COMMON_BLOCKS = YES;
				GCC_OPTIMIZATION_LEVEL = 0;
				GCC_PREPROCESSOR_DEFINITIONS = (
					"DEBUG=1",
					"$(inherited)",
				);
				GCC_SYMBOLS_PRIVATE_EXTERN = NO;
				GCC_WARN_64_TO_32_BIT_CONVERSION = YES;
				GCC_WARN_ABOUT_RETURN_TYPE = YES_ERROR;
				GCC_WARN_UNDECLARED_SELECTOR = YES;
				GCC_WARN_UNINITIALIZED_AUTOS = YES_AGGRESSIVE;
				GCC_WARN_UNUSED_FUNCTION = YES;
				GCC_WARN_UNUSED_VARIABLE = YES;
				MACOSX_DEPLOYMENT_TARGET = 10.10;
				MTL_ENABLE_DEBUG_INFO = YES;
				ONLY_ACTIVE_ARCH = YES;
				SDKROOT = macosx;
			};
			name = Debug;
		};
		DFD579911B9A86CC00E65640 /* Release */ = {
			isa = XCBuildConfiguration;
			buildSettings = {
				ALWAYS_SEARCH_USER_PATHS = NO;
				CLANG_CXX_LANGUAGE_STANDARD = "gnu++0x";
				CLANG_CXX_LIBRARY = "libc++";
				CLANG_ENABLE_MODULES = YES;
				CLANG_ENABLE_OBJC_ARC = YES;
				CLANG_WARN_BOOL_CONVERSION = YES;
				CLANG_WARN_CONSTANT_CONVERSION = YES;
				CLANG_WARN_DIRECT_OBJC_ISA_USAGE = YES_ERROR;
				CLANG_WARN_EMPTY_BODY = YES;
				CLANG_WARN_ENUM_CONVERSION = YES;
				CLANG_WARN_INT_CONVERSION = YES;
				CLANG_WARN_OBJC_ROOT_CLASS = YES_ERROR;
				CLANG_WARN_UNREACHABLE_CODE = YES;
				CLANG_WARN__DUPLICATE_METHOD_MATCH = YES;
				COPY_PHASE_STRIP = NO;
				DEBUG_INFORMATION_FORMAT = "dwarf-with-dsym";
				ENABLE_NS_ASSERTIONS = NO;
				ENABLE_STRICT_OBJC_MSGSEND = YES;
				GCC_C_LANGUAGE_STANDARD = gnu99;
				GCC_NO_COMMON_BLOCKS = YES;
				GCC_WARN_64_TO_32_BIT_CONVERSION = YES;
				GCC_WARN_ABOUT_RETURN_TYPE = YES_ERROR;
				GCC_WARN_UNDECLARED_SELECTOR = YES;
				GCC_WARN_UNINITIALIZED_AUTOS = YES_AGGRESSIVE;
				GCC_WARN_UNUSED_FUNCTION = YES;
				GCC_WARN_UNUSED_VARIABLE = YES;
				MACOSX_DEPLOYMENT_TARGET = 10.10;
				MTL_ENABLE_DEBUG_INFO = NO;
				SDKROOT = macosx;
			};
			name = Release;
		};
		DFD579931B9A86CC00E65640 /* Debug */ = {
			isa = XCBuildConfiguration;
			buildSettings = {
				GCC_C_LANGUAGE_STANDARD = ansi;
				PRODUCT_NAME = "$(TARGET_NAME)";
			};
			name = Debug;
		};
		DFD579941B9A86CC00E65640 /* Release */ = {
			isa = XCBuildConfiguration;
			buildSettings = {
				GCC_C_LANGUAGE_STANDARD = ansi;
				PRODUCT_NAME = "$(TARGET_NAME)";
			};
			name = Release;
		};
/* End XCBuildConfiguration section */

/* Begin XCConfigurationList section */
		DFD579861B9A86CC00E65640 /* Build configuration list for PBXProject "DataStructures@YWM" */ = {
			isa = XCConfigurationList;
			buildConfigurations = (
				DFD579901B9A86CC00E65640 /* Debug */,
				DFD579911B9A86CC00E65640 /* Release */,
			);
			defaultConfigurationIsVisible = 0;
			defaultConfigurationName = Release;
		};
		DFD579921B9A86CC00E65640 /* Build configuration list for PBXNativeTarget "DataStructures@YWM" */ = {
			isa = XCConfigurationList;
			buildConfigurations = (
				DFD579931B9A86CC00E65640 /* Debug */,
				DFD579941B9A86CC00E65640 /* Release */,
			);
			defaultConfigurationIsVisible = 0;
			defaultConfigurationName = Release;
		};
/* End XCConfigurationList section */
	};
	rootObject = DFD579831B9A86CC00E65640 /* Project object */;
}
